// !$*UTF8*$!
{
	archiveVersion = 1;
	classes = {
	};
	objectVersion = 56;
	objects = {

/* Begin PBXBuildFile section */
		5D9013A42F87367900EA39F5 /* SwiftTerm in Frameworks */ = {isa = PBXBuildFile; productRef = 5D9013A32F87367900EA39F5 /* SwiftTerm */; };
		E01000001 /* JuliaApp.swift in Sources */ = {isa = PBXBuildFile; fileRef = E02000001 /* JuliaApp.swift */; };
		E01000002 /* TmuxSession.swift in Sources */ = {isa = PBXBuildFile; fileRef = E02000002 /* TmuxSession.swift */; };
		E01000003 /* TmuxWindow.swift in Sources */ = {isa = PBXBuildFile; fileRef = E02000003 /* TmuxWindow.swift */; };
		E01000004 /* TmuxCommand.swift in Sources */ = {isa = PBXBuildFile; fileRef = E02000004 /* TmuxCommand.swift */; };
		E01000005 /* TmuxService.swift in Sources */ = {isa = PBXBuildFile; fileRef = E02000005 /* TmuxService.swift */; };
		E01000020 /* GitService.swift in Sources */ = {isa = PBXBuildFile; fileRef = E02000020 /* GitService.swift */; };
		E01000021 /* ClaudeSessionService.swift in Sources */ = {isa = PBXBuildFile; fileRef = E02000021 /* ClaudeSessionService.swift */; };
		E01000023 /* VisitHistoryService.swift in Sources */ = {isa = PBXBuildFile; fileRef = E02000023 /* VisitHistoryService.swift */; };
		E01000024 /* Design.swift in Sources */ = {isa = PBXBuildFile; fileRef = E02000024 /* Design.swift */; };
		E01000025 /* Hotkey.swift in Sources */ = {isa = PBXBuildFile; fileRef = E02000025 /* Hotkey.swift */; };
		E01000026 /* SettingsView.swift in Sources */ = {isa = PBXBuildFile; fileRef = E02000026 /* SettingsView.swift */; };
		E01000022 /* ClaudeActivity.swift in Sources */ = {isa = PBXBuildFile; fileRef = E02000022 /* ClaudeActivity.swift */; };
		E01000006 /* HotkeyService.swift in Sources */ = {isa = PBXBuildFile; fileRef = E02000006 /* HotkeyService.swift */; };
		E01000007 /* PaletteWindow.swift in Sources */ = {isa = PBXBuildFile; fileRef = E02000007 /* PaletteWindow.swift */; };
		E01000008 /* PaletteView.swift in Sources */ = {isa = PBXBuildFile; fileRef = E02000008 /* PaletteView.swift */; };
		E01000009 /* SessionListView.swift in Sources */ = {isa = PBXBuildFile; fileRef = E02000009 /* SessionListView.swift */; };
		E01000010 /* CommandRowView.swift in Sources */ = {isa = PBXBuildFile; fileRef = E02000010 /* CommandRowView.swift */; };
		E01000011 /* PaletteViewModel.swift in Sources */ = {isa = PBXBuildFile; fileRef = E02000011 /* PaletteViewModel.swift */; };
		E01000012 /* Assets.xcassets in Resources */ = {isa = PBXBuildFile; fileRef = E02000012 /* Assets.xcassets */; };
		F01000001 /* TerminalPreviewView.swift in Sources */ = {isa = PBXBuildFile; fileRef = F02000001 /* TerminalPreviewView.swift */; };
/* End PBXBuildFile section */

/* Begin PBXFileReference section */
		E02000001 /* JuliaApp.swift */ = {isa = PBXFileReference; lastKnownFileType = sourcecode.swift; path = JuliaApp.swift; sourceTree = "<group>"; };
		E02000002 /* TmuxSession.swift */ = {isa = PBXFileReference; lastKnownFileType = sourcecode.swift; path = TmuxSession.swift; sourceTree = "<group>"; };
		E02000003 /* TmuxWindow.swift */ = {isa = PBXFileReference; lastKnownFileType = sourcecode.swift; path = TmuxWindow.swift; sourceTree = "<group>"; };
		E02000004 /* TmuxCommand.swift */ = {isa = PBXFileReference; lastKnownFileType = sourcecode.swift; path = TmuxCommand.swift; sourceTree = "<group>"; };
		E02000005 /* TmuxService.swift */ = {isa = PBXFileReference; lastKnownFileType = sourcecode.swift; path = TmuxService.swift; sourceTree = "<group>"; };
		E02000020 /* GitService.swift */ = {isa = PBXFileReference; lastKnownFileType = sourcecode.swift; path = GitService.swift; sourceTree = "<group>"; };
		E02000021 /* ClaudeSessionService.swift */ = {isa = PBXFileReference; lastKnownFileType = sourcecode.swift; path = ClaudeSessionService.swift; sourceTree = "<group>"; };
		E02000023 /* VisitHistoryService.swift */ = {isa = PBXFileReference; lastKnownFileType = sourcecode.swift; path = VisitHistoryService.swift; sourceTree = "<group>"; };
		E02000024 /* Design.swift */ = {isa = PBXFileReference; lastKnownFileType = sourcecode.swift; path = Design.swift; sourceTree = "<group>"; };
		E02000025 /* Hotkey.swift */ = {isa = PBXFileReference; lastKnownFileType = sourcecode.swift; path = Hotkey.swift; sourceTree = "<group>"; };
		E02000026 /* SettingsView.swift */ = {isa = PBXFileReference; lastKnownFileType = sourcecode.swift; path = SettingsView.swift; sourceTree = "<group>"; };
		E02000022 /* ClaudeActivity.swift */ = {isa = PBXFileReference; lastKnownFileType = sourcecode.swift; path = ClaudeActivity.swift; sourceTree = "<group>"; };
		E02000006 /* HotkeyService.swift */ = {isa = PBXFileReference; lastKnownFileType = sourcecode.swift; path = HotkeyService.swift; sourceTree = "<group>"; };
		E02000007 /* PaletteWindow.swift */ = {isa = PBXFileReference; lastKnownFileType = sourcecode.swift; path = PaletteWindow.swift; sourceTree = "<group>"; };
		E02000008 /* PaletteView.swift */ = {isa = PBXFileReference; lastKnownFileType = sourcecode.swift; path = PaletteView.swift; sourceTree = "<group>"; };
		E02000009 /* SessionListView.swift */ = {isa = PBXFileReference; lastKnownFileType = sourcecode.swift; path = SessionListView.swift; sourceTree = "<group>"; };
		E02000010 /* CommandRowView.swift */ = {isa = PBXFileReference; lastKnownFileType = sourcecode.swift; path = CommandRowView.swift; sourceTree = "<group>"; };
		E02000011 /* PaletteViewModel.swift */ = {isa = PBXFileReference; lastKnownFileType = sourcecode.swift; path = PaletteViewModel.swift; sourceTree = "<group>"; };
		E02000012 /* Assets.xcassets */ = {isa = PBXFileReference; lastKnownFileType = folder.assetcatalog; path = Assets.xcassets; sourceTree = "<group>"; };
		E02000013 /* Info.plist */ = {isa = PBXFileReference; lastKnownFileType = text.plist.xml; path = Info.plist; sourceTree = "<group>"; };
		E02000014 /* Julia.app */ = {isa = PBXFileReference; explicitFileType = wrapper.application; includeInIndex = 0; path = Julia.app; sourceTree = BUILT_PRODUCTS_DIR; };
		E02000015 /* Julia.entitlements */ = {isa = PBXFileReference; lastKnownFileType = text.plist.entitlements; path = Julia.entitlements; sourceTree = "<group>"; };
		F02000001 /* TerminalPreviewView.swift */ = {isa = PBXFileReference; lastKnownFileType = sourcecode.swift; path = TerminalPreviewView.swift; sourceTree = "<group>"; };
/* End PBXFileReference section */

/* Begin PBXFrameworksBuildPhase section */
		E03000001 /* Frameworks */ = {
			isa = PBXFrameworksBuildPhase;
			buildActionMask = 2147483647;
			files = (
				5D9013A42F87367900EA39F5 /* SwiftTerm in Frameworks */,
			);
			runOnlyForDeploymentPostprocessing = 0;
		};
/* End PBXFrameworksBuildPhase section */

/* Begin PBXGroup section */
		E04000001 = {
			isa = PBXGroup;
			children = (
				E04000002 /* Julia */,
				E04000006 /* Products */,
			);
			sourceTree = "<group>";
		};
		E04000002 /* Julia */ = {
			isa = PBXGroup;
			children = (
				E02000001 /* JuliaApp.swift */,
				E02000024 /* Design.swift */,
				E04000003 /* Models */,
				E04000004 /* Services */,
				E04000005 /* Views */,
				E04000007 /* ViewModels */,
				E02000012 /* Assets.xcassets */,
				E02000013 /* Info.plist */,
				E02000015 /* Julia.entitlements */,
			);
			path = Julia;
			sourceTree = "<group>";
		};
		E04000003 /* Models */ = {
			isa = PBXGroup;
			children = (
				E02000002 /* TmuxSession.swift */,
				E02000003 /* TmuxWindow.swift */,
				E02000022 /* ClaudeActivity.swift */,
				E02000025 /* Hotkey.swift */,
				E02000004 /* TmuxCommand.swift */,
			);
			path = Models;
			sourceTree = "<group>";
		};
		E04000004 /* Services */ = {
			isa = PBXGroup;
			children = (
				E02000005 /* TmuxService.swift */,
				E02000020 /* GitService.swift */,
				E02000021 /* ClaudeSessionService.swift */,
				E02000023 /* VisitHistoryService.swift */,
				E02000006 /* HotkeyService.swift */,
			);
			path = Services;
			sourceTree = "<group>";
		};
		E04000005 /* Views */ = {
			isa = PBXGroup;
			children = (
				E02000007 /* PaletteWindow.swift */,
				E02000008 /* PaletteView.swift */,
				E02000009 /* SessionListView.swift */,
				E02000010 /* CommandRowView.swift */,
				E02000026 /* SettingsView.swift */,
				F02000001 /* TerminalPreviewView.swift */,
			);
			path = Views;
			sourceTree = "<group>";
		};
		E04000006 /* Products */ = {
			isa = PBXGroup;
			children = (
				E02000014 /* Julia.app */,
			);
			name = Products;
			sourceTree = "<group>";
		};
		E04000007 /* ViewModels */ = {
			isa = PBXGroup;
			children = (
				E02000011 /* PaletteViewModel.swift */,
			);
			path = ViewModels;
			sourceTree = "<group>";
		};
/* End PBXGroup section */

/* Begin PBXNativeTarget section */
		E05000001 /* Julia */ = {
			isa = PBXNativeTarget;
			buildConfigurationList = E07000001 /* Build configuration list for PBXNativeTarget "Julia" */;
			buildPhases = (
				E06000001 /* Sources */,
				E03000001 /* Frameworks */,
				E06000002 /* Resources */,
			);
			buildRules = (
			);
			dependencies = (
			);
			name = Julia;
			productName = Julia;
			productReference = E02000014 /* Julia.app */;
			productType = "com.apple.product-type.application";
		};
/* End PBXNativeTarget section */

/* Begin PBXProject section */
		E08000001 /* Project object */ = {
			isa = PBXProject;
			attributes = {
				BuildIndependentTargetsInParallel = 1;
				LastSwiftUpdateCheck = 1600;
				LastUpgradeCheck = 1600;
				TargetAttributes = {
					E05000001 = {
						CreatedOnToolsVersion = 16.0;
					};
				};
			};
			buildConfigurationList = E07000002 /* Build configuration list for PBXProject "Julia" */;
			compatibilityVersion = "Xcode 14.0";
			developmentRegion = en;
			hasScannedForEncodings = 0;
			knownRegions = (
				en,
				Base,
			);
			mainGroup = E04000001;
			packageReferences = (
				5D9013A22F87367900EA39F5 /* XCRemoteSwiftPackageReference "SwiftTerm" */,
			);
			productRefGroup = E04000006 /* Products */;
			projectDirPath = "";
			projectRoot = "";
			targets = (
				E05000001 /* Julia */,
			);
		};
/* End PBXProject section */

/* Begin PBXResourcesBuildPhase section */
		E06000002 /* Resources */ = {
			isa = PBXResourcesBuildPhase;
			buildActionMask = 2147483647;
			files = (
				E01000012 /* Assets.xcassets in Resources */,
			);
			runOnlyForDeploymentPostprocessing = 0;
		};
/* End PBXResourcesBuildPhase section */

/* Begin PBXSourcesBuildPhase section */
		E06000001 /* Sources */ = {
			isa = PBXSourcesBuildPhase;
			buildActionMask = 2147483647;
			files = (
				E01000001 /* JuliaApp.swift in Sources */,
				E01000002 /* TmuxSession.swift in Sources */,
				E01000003 /* TmuxWindow.swift in Sources */,
				E01000004 /* TmuxCommand.swift in Sources */,
				E01000005 /* TmuxService.swift in Sources */,
				E01000020 /* GitService.swift in Sources */,
				E01000021 /* ClaudeSessionService.swift in Sources */,
				E01000023 /* VisitHistoryService.swift in Sources */,
				E01000024 /* Design.swift in Sources */,
				E01000025 /* Hotkey.swift in Sources */,
				E01000026 /* SettingsView.swift in Sources */,
				E01000022 /* ClaudeActivity.swift in Sources */,
				E01000006 /* HotkeyService.swift in Sources */,
				E01000007 /* PaletteWindow.swift in Sources */,
				E01000008 /* PaletteView.swift in Sources */,
				E01000009 /* SessionListView.swift in Sources */,
				E01000010 /* CommandRowView.swift in Sources */,
				E01000011 /* PaletteViewModel.swift in Sources */,
				F01000001 /* TerminalPreviewView.swift in Sources */,
			);
			runOnlyForDeploymentPostprocessing = 0;
		};
/* End PBXSourcesBuildPhase section */

/* Begin XCBuildConfiguration section */
		E09000001 /* Debug */ = {
			isa = XCBuildConfiguration;
			buildSettings = {
				ALWAYS_SEARCH_USER_PATHS = NO;
				ASSETCATALOG_COMPILER_GENERATE_SWIFT_ASSET_SYMBOL_EXTENSIONS = YES;
				CLANG_ANALYZER_NONNULL = YES;
				CLANG_ANALYZER_NUMBER_OBJECT_CONVERSION = YES_AGGRESSIVE;
				CLANG_CXX_LANGUAGE_STANDARD = "gnu++20";
				CLANG_ENABLE_MODULES = YES;
				CLANG_ENABLE_OBJC_ARC = YES;
				CLANG_ENABLE_OBJC_WEAK = YES;
				CLANG_WARN_BLOCK_CAPTURE_AUTORELEASING = YES;
				CLANG_WARN_BOOL_CONVERSION = YES;
				CLANG_WARN_COMMA = YES;
				CLANG_WARN_CONSTANT_CONVERSION = YES;
				CLANG_WARN_DEPRECATED_OBJC_IMPLEMENTATIONS = YES;
				CLANG_WARN_DIRECT_OBJC_ISA_USAGE = YES_ERROR;
				CLANG_WARN_DOCUMENTATION_COMMENTS = YES;
				CLANG_WARN_EMPTY_BODY = YES;
				CLANG_WARN_ENUM_CONVERSION = YES;
				CLANG_WARN_INFINITE_RECURSION = YES;
				CLANG_WARN_INT_CONVERSION = YES;
				CLANG_WARN_NON_LITERAL_NULL_CONVERSION = YES;
				CLANG_WARN_OBJC_IMPLICIT_RETAIN_SELF = YES;
				CLANG_WARN_OBJC_LITERAL_CONVERSION = YES;
				CLANG_WARN_OBJC_ROOT_CLASS = YES_ERROR;
				CLANG_WARN_QUOTED_INCLUDE_IN_FRAMEWORK_HEADER = YES;
				CLANG_WARN_RANGE_LOOP_ANALYSIS = YES;
				CLANG_WARN_STRICT_PROTOTYPES = YES;
				CLANG_WARN_SUSPICIOUS_MOVE = YES;
				CLANG_WARN_UNGUARDED_AVAILABILITY = YES_AGGRESSIVE;
				CLANG_WARN_UNREACHABLE_CODE = YES;
				CLANG_WARN__DUPLICATE_METHOD_MATCH = YES;
				COPY_PHASE_STRIP = NO;
				DEBUG_INFORMATION_FORMAT = dwarf;
				ENABLE_STRICT_OBJC_MSGSEND = YES;
				ENABLE_TESTABILITY = YES;
				ENABLE_USER_SCRIPT_SANDBOXING = YES;
				GCC_C_LANGUAGE_STANDARD = gnu17;
				GCC_DYNAMIC_NO_PIC = NO;
				GCC_NO_COMMON_BLOCKS = YES;
				GCC_OPTIMIZATION_LEVEL = 0;
				GCC_PREPROCESSOR_DEFINITIONS = (
					"DEBUG=1",
					"$(inherited)",
				);
				GCC_WARN_64_TO_32_BIT_CONVERSION = YES;
				GCC_WARN_ABOUT_RETURN_TYPE = YES_ERROR;
				GCC_WARN_UNDECLARED_SELECTOR = YES;
				GCC_WARN_UNINITIALIZED_AUTOS = YES_AGGRESSIVE;
				GCC_WARN_UNUSED_FUNCTION = YES;
				GCC_WARN_UNUSED_VARIABLE = YES;
				MACOSX_DEPLOYMENT_TARGET = 14.0;
				MTL_ENABLE_DEBUG_INFO = INCLUDE_SOURCE;
				MTL_FAST_MATH = YES;
				ONLY_ACTIVE_ARCH = YES;
				SDKROOT = macosx;
				SWIFT_ACTIVE_COMPILATION_CONDITIONS = "DEBUG $(inherited)";
				SWIFT_OPTIMIZATION_LEVEL = "-Onone";
				SWIFT_VERSION = 6.0;
			};
			name = Debug;
		};
		E09000002 /* Release */ = {
			isa = XCBuildConfiguration;
			buildSettings = {
				ALWAYS_SEARCH_USER_PATHS = NO;
				ASSETCATALOG_COMPILER_GENERATE_SWIFT_ASSET_SYMBOL_EXTENSIONS = YES;
				CLANG_ANALYZER_NONNULL = YES;
				CLANG_ANALYZER_NUMBER_OBJECT_CONVERSION = YES_AGGRESSIVE;
				CLANG_CXX_LANGUAGE_STANDARD = "gnu++20";
				CLANG_ENABLE_MODULES = YES;
				CLANG_ENABLE_OBJC_ARC = YES;
				CLANG_ENABLE_OBJC_WEAK = YES;
				CLANG_WARN_BLOCK_CAPTURE_AUTORELEASING = YES;
				CLANG_WARN_BOOL_CONVERSION = YES;
				CLANG_WARN_COMMA = YES;
				CLANG_WARN_CONSTANT_CONVERSION = YES;
				CLANG_WARN_DEPRECATED_OBJC_IMPLEMENTATIONS = YES;
				CLANG_WARN_DIRECT_OBJC_ISA_USAGE = YES_ERROR;
				CLANG_WARN_DOCUMENTATION_COMMENTS = YES;
				CLANG_WARN_EMPTY_BODY = YES;
				CLANG_WARN_ENUM_CONVERSION = YES;
				CLANG_WARN_INFINITE_RECURSION = YES;
				CLANG_WARN_INT_CONVERSION = YES;
				CLANG_WARN_NON_LITERAL_NULL_CONVERSION = YES;
				CLANG_WARN_OBJC_IMPLICIT_RETAIN_SELF = YES;
				CLANG_WARN_OBJC_LITERAL_CONVERSION = YES;
				CLANG_WARN_OBJC_ROOT_CLASS = YES_ERROR;
				CLANG_WARN_QUOTED_INCLUDE_IN_FRAMEWORK_HEADER = YES;
				CLANG_WARN_RANGE_LOOP_ANALYSIS = YES;
				CLANG_WARN_STRICT_PROTOTYPES = YES;
				CLANG_WARN_SUSPICIOUS_MOVE = YES;
				CLANG_WARN_UNGUARDED_AVAILABILITY = YES_AGGRESSIVE;
				CLANG_WARN_UNREACHABLE_CODE = YES;
				CLANG_WARN__DUPLICATE_METHOD_MATCH = YES;
				COPY_PHASE_STRIP = NO;
				DEBUG_INFORMATION_FORMAT = "dwarf-with-dsym";
				ENABLE_NS_ASSERTIONS = NO;
				ENABLE_STRICT_OBJC_MSGSEND = YES;
				ENABLE_USER_SCRIPT_SANDBOXING = YES;
				GCC_C_LANGUAGE_STANDARD = gnu17;
				GCC_NO_COMMON_BLOCKS = YES;
				GCC_WARN_64_TO_32_BIT_CONVERSION = YES;
				GCC_WARN_ABOUT_RETURN_TYPE = YES_ERROR;
				GCC_WARN_UNDECLARED_SELECTOR = YES;
				GCC_WARN_UNINITIALIZED_AUTOS = YES_AGGRESSIVE;
				GCC_WARN_UNUSED_FUNCTION = YES;
				GCC_WARN_UNUSED_VARIABLE = YES;
				MACOSX_DEPLOYMENT_TARGET = 14.0;
				MTL_ENABLE_DEBUG_INFO = NO;
				MTL_FAST_MATH = YES;
				SDKROOT = macosx;
				SWIFT_COMPILATION_MODE = wholemodule;
				SWIFT_VERSION = 6.0;
			};
			name = Release;
		};
		E09000003 /* Debug */ = {
			isa = XCBuildConfiguration;
			buildSettings = {
				ASSETCATALOG_COMPILER_APPICON_NAME = AppIcon;
				ASSETCATALOG_COMPILER_GLOBAL_ACCENT_COLOR_NAME = AccentColor;
				CODE_SIGN_ENTITLEMENTS = Julia/Julia.entitlements;
				CODE_SIGN_STYLE = Automatic;
				COMBINE_HIDPI_IMAGES = YES;
				CURRENT_PROJECT_VERSION = 1;
				DEVELOPMENT_TEAM = C3QVT95G54;
				ENABLE_HARDENED_RUNTIME = YES;
				GENERATE_INFOPLIST_FILE = YES;
				INFOPLIST_FILE = Julia/Info.plist;
				INFOPLIST_KEY_LSUIElement = YES;
				INFOPLIST_KEY_NSHumanReadableCopyright = "";
				INFOPLIST_KEY_NSPrincipalClass = NSApplication;
				LD_RUNPATH_SEARCH_PATHS = (
					"$(inherited)",
					"@executable_path/../Frameworks",
				);
				MARKETING_VERSION = 0.2.4;
				PRODUCT_BUNDLE_IDENTIFIER = com.pwiesner.julia;
				PRODUCT_NAME = "$(TARGET_NAME)";
				SWIFT_EMIT_LOC_STRINGS = YES;
				SWIFT_STRICT_CONCURRENCY = complete;
				SWIFT_VERSION = 6.0;
			};
			name = Debug;
		};
		E09000004 /* Release */ = {
			isa = XCBuildConfiguration;
			buildSettings = {
				ASSETCATALOG_COMPILER_APPICON_NAME = AppIcon;
				ASSETCATALOG_COMPILER_GLOBAL_ACCENT_COLOR_NAME = AccentColor;
				CODE_SIGN_ENTITLEMENTS = Julia/Julia.entitlements;
				CODE_SIGN_STYLE = Automatic;
				COMBINE_HIDPI_IMAGES = YES;
				CURRENT_PROJECT_VERSION = 1;
				DEVELOPMENT_TEAM = C3QVT95G54;
				ENABLE_HARDENED_RUNTIME = YES;
				GENERATE_INFOPLIST_FILE = YES;
				INFOPLIST_FILE = Julia/Info.plist;
				INFOPLIST_KEY_LSUIElement = YES;
				INFOPLIST_KEY_NSHumanReadableCopyright = "";
				INFOPLIST_KEY_NSPrincipalClass = NSApplication;
				LD_RUNPATH_SEARCH_PATHS = (
					"$(inherited)",
					"@executable_path/../Frameworks",
				);
				MARKETING_VERSION = 0.2.4;
				PRODUCT_BUNDLE_IDENTIFIER = com.pwiesner.julia;
				PRODUCT_NAME = "$(TARGET_NAME)";
				SWIFT_EMIT_LOC_STRINGS = YES;
				SWIFT_STRICT_CONCURRENCY = complete;
				SWIFT_VERSION = 6.0;
			};
			name = Release;
		};
/* End XCBuildConfiguration section */

/* Begin XCConfigurationList section */
		E07000001 /* Build configuration list for PBXNativeTarget "Julia" */ = {
			isa = XCConfigurationList;
			buildConfigurations = (
				E09000003 /* Debug */,
				E09000004 /* Release */,
			);
			defaultConfigurationIsVisible = 0;
			defaultConfigurationName = Release;
		};
		E07000002 /* Build configuration list for PBXProject "Julia" */ = {
			isa = XCConfigurationList;
			buildConfigurations = (
				E09000001 /* Debug */,
				E09000002 /* Release */,
			);
			defaultConfigurationIsVisible = 0;
			defaultConfigurationName = Release;
		};
/* End XCConfigurationList section */

/* Begin XCRemoteSwiftPackageReference section */
		5D9013A22F87367900EA39F5 /* XCRemoteSwiftPackageReference "SwiftTerm" */ = {
			isa = XCRemoteSwiftPackageReference;
			repositoryURL = "https://github.com/migueldeicaza/SwiftTerm";
			requirement = {
				kind = upToNextMajorVersion;
				minimumVersion = 1.5.0;
			};
		};
/* End XCRemoteSwiftPackageReference section */

/* Begin XCSwiftPackageProductDependency section */
		5D9013A32F87367900EA39F5 /* SwiftTerm */ = {
			isa = XCSwiftPackageProductDependency;
			package = 5D9013A22F87367900EA39F5 /* XCRemoteSwiftPackageReference "SwiftTerm" */;
			productName = SwiftTerm;
		};
/* End XCSwiftPackageProductDependency section */
	};
	rootObject = E08000001 /* Project object */;
}
